// !$*UTF8*$!
{
	archiveVersion = 1;
	classes = {
	};
	objectVersion = 46;
	objects = {

/* Begin PBXBuildFile section */
		FF045AB01C2EC9D60026C333 /* main.m in Sources */ = {isa = PBXBuildFile; fileRef = FF045AAF1C2EC9D60026C333 /* main.m */; };
		FF045AB31C2EC9D60026C333 /* AppDelegate.m in Sources */ = {isa = PBXBuildFile; fileRef = FF045AB21C2EC9D60026C333 /* AppDelegate.m */; };
		FF045ABC1C2EC9D60026C333 /* moim.xcdatamodeld in Sources */ = {isa = PBXBuildFile; fileRef = FF045ABA1C2EC9D60026C333 /* moim.xcdatamodeld */; };
		FF045ABE1C2EC9D60026C333 /* Assets.xcassets in Resources */ = {isa = PBXBuildFile; fileRef = FF045ABD1C2EC9D60026C333 /* Assets.xcassets */; };
		FF045ACC1C2EC9D60026C333 /* moimTests.m in Sources */ = {isa = PBXBuildFile; fileRef = FF045ACB1C2EC9D60026C333 /* moimTests.m */; };
		FF045AD71C2EC9D60026C333 /* moimUITests.m in Sources */ = {isa = PBXBuildFile; fileRef = FF045AD61C2EC9D60026C333 /* moimUITests.m */; };
		FF045AEA1C2ECA260026C333 /* MainViewController.m in Sources */ = {isa = PBXBuildFile; fileRef = FF045AE81C2ECA260026C333 /* MainViewController.m */; };
		FF045AEB1C2ECA260026C333 /* MainViewController.xib in Resources */ = {isa = PBXBuildFile; fileRef = FF045AE91C2ECA260026C333 /* MainViewController.xib */; };
		FF045AF01C2EDC680026C333 /* LoginViewController.m in Sources */ = {isa = PBXBuildFile; fileRef = FF045AEE1C2EDC680026C333 /* LoginViewController.m */; };
		FF045AF11C2EDC680026C333 /* LoginViewController.xib in Resources */ = {isa = PBXBuildFile; fileRef = FF045AEF1C2EDC680026C333 /* LoginViewController.xib */; };
		FF045AF61C3022E10026C333 /* JoinViewController.m in Sources */ = {isa = PBXBuildFile; fileRef = FF045AF41C3022E10026C333 /* JoinViewController.m */; };
		FF045AF71C3022E10026C333 /* JoinViewController.xib in Resources */ = {isa = PBXBuildFile; fileRef = FF045AF51C3022E10026C333 /* JoinViewController.xib */; };
		FF06BE271C31713A00781FC7 /* AllTaskListTableViewCell.m in Sources */ = {isa = PBXBuildFile; fileRef = FF06BE251C31713A00781FC7 /* AllTaskListTableViewCell.m */; };
		FF06BE281C31713A00781FC7 /* AllTaskListTableViewCell.xib in Resources */ = {isa = PBXBuildFile; fileRef = FF06BE261C31713A00781FC7 /* AllTaskListTableViewCell.xib */; };
		FF06BE2C1C3177BD00781FC7 /* TaskListViewController.m in Sources */ = {isa = PBXBuildFile; fileRef = FF06BE2A1C3177BD00781FC7 /* TaskListViewController.m */; };
		FF06BE2D1C3177BD00781FC7 /* TaskListViewController.xib in Resources */ = {isa = PBXBuildFile; fileRef = FF06BE2B1C3177BD00781FC7 /* TaskListViewController.xib */; };
		FF3E35601C31945600D39A88 /* MakeTeamViewController.m in Sources */ = {isa = PBXBuildFile; fileRef = FF3E355E1C31945600D39A88 /* MakeTeamViewController.m */; };
		FF3E35611C31945600D39A88 /* MakeTeamViewController.xib in Resources */ = {isa = PBXBuildFile; fileRef = FF3E355F1C31945600D39A88 /* MakeTeamViewController.xib */; };
		FF7376E31C319387008A5F28 /* DetailTaskViewController.m in Sources */ = {isa = PBXBuildFile; fileRef = FF7376E11C319387008A5F28 /* DetailTaskViewController.m */; };
		FF7376E41C319387008A5F28 /* DetailTaskViewController.xib in Resources */ = {isa = PBXBuildFile; fileRef = FF7376E21C319387008A5F28 /* DetailTaskViewController.xib */; };
		FFE85FC91C3028A000888F24 /* Bolts.framework in Frameworks */ = {isa = PBXBuildFile; fileRef = FFE85FC31C3028A000888F24 /* Bolts.framework */; };
		FFE85FCA1C3028A000888F24 /* Parse.framework in Frameworks */ = {isa = PBXBuildFile; fileRef = FFE85FC41C3028A000888F24 /* Parse.framework */; };
		FFE85FCB1C3028A000888F24 /* ParseFacebookUtils.framework in Frameworks */ = {isa = PBXBuildFile; fileRef = FFE85FC51C3028A000888F24 /* ParseFacebookUtils.framework */; };
		FFE85FCC1C3028A000888F24 /* ParseFacebookUtilsV4.framework in Frameworks */ = {isa = PBXBuildFile; fileRef = FFE85FC61C3028A000888F24 /* ParseFacebookUtilsV4.framework */; };
		FFE85FCD1C3028A000888F24 /* ParseTwitterUtils.framework in Frameworks */ = {isa = PBXBuildFile; fileRef = FFE85FC71C3028A000888F24 /* ParseTwitterUtils.framework */; };
		FFE85FCE1C3028A000888F24 /* ParseUI.framework in Frameworks */ = {isa = PBXBuildFile; fileRef = FFE85FC81C3028A000888F24 /* ParseUI.framework */; };
		FFE85FD01C3028EE00888F24 /* AudioToolbox.framework in Frameworks */ = {isa = PBXBuildFile; fileRef = FFE85FCF1C3028EE00888F24 /* AudioToolbox.framework */; };
		FFE85FD21C3028F300888F24 /* CFNetwork.framework in Frameworks */ = {isa = PBXBuildFile; fileRef = FFE85FD11C3028F300888F24 /* CFNetwork.framework */; };
		FFE85FD41C3028F700888F24 /* CoreGraphics.framework in Frameworks */ = {isa = PBXBuildFile; fileRef = FFE85FD31C3028F700888F24 /* CoreGraphics.framework */; };
		FFE85FD61C3028FC00888F24 /* CoreLocation.framework in Frameworks */ = {isa = PBXBuildFile; fileRef = FFE85FD51C3028FC00888F24 /* CoreLocation.framework */; };
		FFE85FD81C30290000888F24 /* QuartzCore.framework in Frameworks */ = {isa = PBXBuildFile; fileRef = FFE85FD71C30290000888F24 /* QuartzCore.framework */; };
		FFE85FDA1C30290400888F24 /* Security.framework in Frameworks */ = {isa = PBXBuildFile; fileRef = FFE85FD91C30290400888F24 /* Security.framework */; };
		FFE85FDC1C30290800888F24 /* StoreKit.framework in Frameworks */ = {isa = PBXBuildFile; fileRef = FFE85FDB1C30290800888F24 /* StoreKit.framework */; };
		FFE85FDE1C30290C00888F24 /* SystemConfiguration.framework in Frameworks */ = {isa = PBXBuildFile; fileRef = FFE85FDD1C30290C00888F24 /* SystemConfiguration.framework */; };
		FFE85FE01C30291100888F24 /* libz.tbd in Frameworks */ = {isa = PBXBuildFile; fileRef = FFE85FDF1C30291100888F24 /* libz.tbd */; };
		FFE85FE21C30291900888F24 /* libsqlite3.tbd in Frameworks */ = {isa = PBXBuildFile; fileRef = FFE85FE11C30291900888F24 /* libsqlite3.tbd */; };
		FFE85FE51C3035EA00888F24 /* singleton.m in Sources */ = {isa = PBXBuildFile; fileRef = FFE85FE41C3035EA00888F24 /* singleton.m */; };
/* End PBXBuildFile section */

/* Begin PBXContainerItemProxy section */
		FF045AC81C2EC9D60026C333 /* PBXContainerItemProxy */ = {
			isa = PBXContainerItemProxy;
			containerPortal = FF045AA31C2EC9D60026C333 /* Project object */;
			proxyType = 1;
			remoteGlobalIDString = FF045AAA1C2EC9D60026C333;
			remoteInfo = moim;
		};
		FF045AD31C2EC9D60026C333 /* PBXContainerItemProxy */ = {
			isa = PBXContainerItemProxy;
			containerPortal = FF045AA31C2EC9D60026C333 /* Project object */;
			proxyType = 1;
			remoteGlobalIDString = FF045AAA1C2EC9D60026C333;
			remoteInfo = moim;
		};
/* End PBXContainerItemProxy section */

/* Begin PBXFileReference section */
		FF045AAB1C2EC9D60026C333 /* moim.app */ = {isa = PBXFileReference; explicitFileType = wrapper.application; includeInIndex = 0; path = moim.app; sourceTree = BUILT_PRODUCTS_DIR; };
		FF045AAF1C2EC9D60026C333 /* main.m */ = {isa = PBXFileReference; lastKnownFileType = sourcecode.c.objc; path = main.m; sourceTree = "<group>"; };
		FF045AB11C2EC9D60026C333 /* AppDelegate.h */ = {isa = PBXFileReference; lastKnownFileType = sourcecode.c.h; path = AppDelegate.h; sourceTree = "<group>"; };
		FF045AB21C2EC9D60026C333 /* AppDelegate.m */ = {isa = PBXFileReference; lastKnownFileType = sourcecode.c.objc; path = AppDelegate.m; sourceTree = "<group>"; };
		FF045ABB1C2EC9D60026C333 /* moim.xcdatamodel */ = {isa = PBXFileReference; lastKnownFileType = wrapper.xcdatamodel; path = moim.xcdatamodel; sourceTree = "<group>"; };
		FF045ABD1C2EC9D60026C333 /* Assets.xcassets */ = {isa = PBXFileReference; lastKnownFileType = folder.assetcatalog; path = Assets.xcassets; sourceTree = "<group>"; };
		FF045AC21C2EC9D60026C333 /* Info.plist */ = {isa = PBXFileReference; lastKnownFileType = text.plist.xml; path = Info.plist; sourceTree = "<group>"; };
		FF045AC71C2EC9D60026C333 /* moimTests.xctest */ = {isa = PBXFileReference; explicitFileType = wrapper.cfbundle; includeInIndex = 0; path = moimTests.xctest; sourceTree = BUILT_PRODUCTS_DIR; };
		FF045ACB1C2EC9D60026C333 /* moimTests.m */ = {isa = PBXFileReference; lastKnownFileType = sourcecode.c.objc; path = moimTests.m; sourceTree = "<group>"; };
		FF045ACD1C2EC9D60026C333 /* Info.plist */ = {isa = PBXFileReference; lastKnownFileType = text.plist.xml; path = Info.plist; sourceTree = "<group>"; };
		FF045AD21C2EC9D60026C333 /* moimUITests.xctest */ = {isa = PBXFileReference; explicitFileType = wrapper.cfbundle; includeInIndex = 0; path = moimUITests.xctest; sourceTree = BUILT_PRODUCTS_DIR; };
		FF045AD61C2EC9D60026C333 /* moimUITests.m */ = {isa = PBXFileReference; lastKnownFileType = sourcecode.c.objc; path = moimUITests.m; sourceTree = "<group>"; };
		FF045AD81C2EC9D60026C333 /* Info.plist */ = {isa = PBXFileReference; lastKnownFileType = text.plist.xml; path = Info.plist; sourceTree = "<group>"; };
		FF045AE71C2ECA260026C333 /* MainViewController.h */ = {isa = PBXFileReference; fileEncoding = 4; lastKnownFileType = sourcecode.c.h; path = MainViewController.h; sourceTree = "<group>"; };
		FF045AE81C2ECA260026C333 /* MainViewController.m */ = {isa = PBXFileReference; fileEncoding = 4; lastKnownFileType = sourcecode.c.objc; path = MainViewController.m; sourceTree = "<group>"; };
		FF045AE91C2ECA260026C333 /* MainViewController.xib */ = {isa = PBXFileReference; fileEncoding = 4; lastKnownFileType = file.xib; path = MainViewController.xib; sourceTree = "<group>"; };
		FF045AED1C2EDC680026C333 /* LoginViewController.h */ = {isa = PBXFileReference; fileEncoding = 4; lastKnownFileType = sourcecode.c.h; path = LoginViewController.h; sourceTree = "<group>"; };
		FF045AEE1C2EDC680026C333 /* LoginViewController.m */ = {isa = PBXFileReference; fileEncoding = 4; lastKnownFileType = sourcecode.c.objc; path = LoginViewController.m; sourceTree = "<group>"; };
		FF045AEF1C2EDC680026C333 /* LoginViewController.xib */ = {isa = PBXFileReference; fileEncoding = 4; lastKnownFileType = file.xib; path = LoginViewController.xib; sourceTree = "<group>"; };
		FF045AF31C3022E10026C333 /* JoinViewController.h */ = {isa = PBXFileReference; fileEncoding = 4; lastKnownFileType = sourcecode.c.h; path = JoinViewController.h; sourceTree = "<group>"; };
		FF045AF41C3022E10026C333 /* JoinViewController.m */ = {isa = PBXFileReference; fileEncoding = 4; lastKnownFileType = sourcecode.c.objc; path = JoinViewController.m; sourceTree = "<group>"; };
		FF045AF51C3022E10026C333 /* JoinViewController.xib */ = {isa = PBXFileReference; fileEncoding = 4; lastKnownFileType = file.xib; path = JoinViewController.xib; sourceTree = "<group>"; };
		FF06BE241C31713A00781FC7 /* AllTaskListTableViewCell.h */ = {isa = PBXFileReference; fileEncoding = 4; lastKnownFileType = sourcecode.c.h; path = AllTaskListTableViewCell.h; sourceTree = "<group>"; };
		FF06BE251C31713A00781FC7 /* AllTaskListTableViewCell.m */ = {isa = PBXFileReference; fileEncoding = 4; lastKnownFileType = sourcecode.c.objc; path = AllTaskListTableViewCell.m; sourceTree = "<group>"; };
		FF06BE261C31713A00781FC7 /* AllTaskListTableViewCell.xib */ = {isa = PBXFileReference; fileEncoding = 4; lastKnownFileType = file.xib; path = AllTaskListTableViewCell.xib; sourceTree = "<group>"; };
		FF06BE291C3177BD00781FC7 /* TaskListViewController.h */ = {isa = PBXFileReference; fileEncoding = 4; lastKnownFileType = sourcecode.c.h; path = TaskListViewController.h; sourceTree = "<group>"; };
		FF06BE2A1C3177BD00781FC7 /* TaskListViewController.m */ = {isa = PBXFileReference; fileEncoding = 4; lastKnownFileType = sourcecode.c.objc; path = TaskListViewController.m; sourceTree = "<group>"; };
		FF06BE2B1C3177BD00781FC7 /* TaskListViewController.xib */ = {isa = PBXFileReference; fileEncoding = 4; lastKnownFileType = file.xib; path = TaskListViewController.xib; sourceTree = "<group>"; };
		FF3E355D1C31945600D39A88 /* MakeTeamViewController.h */ = {isa = PBXFileReference; fileEncoding = 4; lastKnownFileType = sourcecode.c.h; path = MakeTeamViewController.h; sourceTree = "<group>"; };
		FF3E355E1C31945600D39A88 /* MakeTeamViewController.m */ = {isa = PBXFileReference; fileEncoding = 4; lastKnownFileType = sourcecode.c.objc; path = MakeTeamViewController.m; sourceTree = "<group>"; };
		FF3E355F1C31945600D39A88 /* MakeTeamViewController.xib */ = {isa = PBXFileReference; fileEncoding = 4; lastKnownFileType = file.xib; path = MakeTeamViewController.xib; sourceTree = "<group>"; };
		FF7376E01C319387008A5F28 /* DetailTaskViewController.h */ = {isa = PBXFileReference; fileEncoding = 4; lastKnownFileType = sourcecode.c.h; path = DetailTaskViewController.h; sourceTree = "<group>"; };
		FF7376E11C319387008A5F28 /* DetailTaskViewController.m */ = {isa = PBXFileReference; fileEncoding = 4; lastKnownFileType = sourcecode.c.objc; path = DetailTaskViewController.m; sourceTree = "<group>"; };
		FF7376E21C319387008A5F28 /* DetailTaskViewController.xib */ = {isa = PBXFileReference; fileEncoding = 4; lastKnownFileType = file.xib; path = DetailTaskViewController.xib; sourceTree = "<group>"; };
		FFE85FC31C3028A000888F24 /* Bolts.framework */ = {isa = PBXFileReference; lastKnownFileType = wrapper.framework; path = Bolts.framework; sourceTree = "<group>"; };
		FFE85FC41C3028A000888F24 /* Parse.framework */ = {isa = PBXFileReference; lastKnownFileType = wrapper.framework; path = Parse.framework; sourceTree = "<group>"; };
		FFE85FC51C3028A000888F24 /* ParseFacebookUtils.framework */ = {isa = PBXFileReference; lastKnownFileType = wrapper.framework; path = ParseFacebookUtils.framework; sourceTree = "<group>"; };
		FFE85FC61C3028A000888F24 /* ParseFacebookUtilsV4.framework */ = {isa = PBXFileReference; lastKnownFileType = wrapper.framework; path = ParseFacebookUtilsV4.framework; sourceTree = "<group>"; };
		FFE85FC71C3028A000888F24 /* ParseTwitterUtils.framework */ = {isa = PBXFileReference; lastKnownFileType = wrapper.framework; path = ParseTwitterUtils.framework; sourceTree = "<group>"; };
		FFE85FC81C3028A000888F24 /* ParseUI.framework */ = {isa = PBXFileReference; lastKnownFileType = wrapper.framework; path = ParseUI.framework; sourceTree = "<group>"; };
		FFE85FCF1C3028EE00888F24 /* AudioToolbox.framework */ = {isa = PBXFileReference; lastKnownFileType = wrapper.framework; name = AudioToolbox.framework; path = System/Library/Frameworks/AudioToolbox.framework; sourceTree = SDKROOT; };
		FFE85FD11C3028F300888F24 /* CFNetwork.framework */ = {isa = PBXFileReference; lastKnownFileType = wrapper.framework; name = CFNetwork.framework; path = System/Library/Frameworks/CFNetwork.framework; sourceTree = SDKROOT; };
		FFE85FD31C3028F700888F24 /* CoreGraphics.framework */ = {isa = PBXFileReference; lastKnownFileType = wrapper.framework; name = CoreGraphics.framework; path = System/Library/Frameworks/CoreGraphics.framework; sourceTree = SDKROOT; };
		FFE85FD51C3028FC00888F24 /* CoreLocation.framework */ = {isa = PBXFileReference; lastKnownFileType = wrapper.framework; name = CoreLocation.framework; path = System/Library/Frameworks/CoreLocation.framework; sourceTree = SDKROOT; };
		FFE85FD71C30290000888F24 /* QuartzCore.framework */ = {isa = PBXFileReference; lastKnownFileType = wrapper.framework; name = QuartzCore.framework; path = System/Library/Frameworks/QuartzCore.framework; sourceTree = SDKROOT; };
		FFE85FD91C30290400888F24 /* Security.framework */ = {isa = PBXFileReference; lastKnownFileType = wrapper.framework; name = Security.framework; path = System/Library/Frameworks/Security.framework; sourceTree = SDKROOT; };
		FFE85FDB1C30290800888F24 /* StoreKit.framework */ = {isa = PBXFileReference; lastKnownFileType = wrapper.framework; name = StoreKit.framework; path = System/Library/Frameworks/StoreKit.framework; sourceTree = SDKROOT; };
		FFE85FDD1C30290C00888F24 /* SystemConfiguration.framework */ = {isa = PBXFileReference; lastKnownFileType = wrapper.framework; name = SystemConfiguration.framework; path = System/Library/Frameworks/SystemConfiguration.framework; sourceTree = SDKROOT; };
		FFE85FDF1C30291100888F24 /* libz.tbd */ = {isa = PBXFileReference; lastKnownFileType = "sourcecode.text-based-dylib-definition"; name = libz.tbd; path = usr/lib/libz.tbd; sourceTree = SDKROOT; };
		FFE85FE11C30291900888F24 /* libsqlite3.tbd */ = {isa = PBXFileReference; lastKnownFileType = "sourcecode.text-based-dylib-definition"; name = libsqlite3.tbd; path = usr/lib/libsqlite3.tbd; sourceTree = SDKROOT; };
		FFE85FE31C3035EA00888F24 /* singleton.h */ = {isa = PBXFileReference; fileEncoding = 4; lastKnownFileType = sourcecode.c.h; path = singleton.h; sourceTree = "<group>"; };
		FFE85FE41C3035EA00888F24 /* singleton.m */ = {isa = PBXFileReference; fileEncoding = 4; lastKnownFileType = sourcecode.c.objc; path = singleton.m; sourceTree = "<group>"; };
/* End PBXFileReference section */

/* Begin PBXFrameworksBuildPhase section */
		FF045AA81C2EC9D60026C333 /* Frameworks */ = {
			isa = PBXFrameworksBuildPhase;
			buildActionMask = 2147483647;
			files = (
				FFE85FE21C30291900888F24 /* libsqlite3.tbd in Frameworks */,
				FFE85FE01C30291100888F24 /* libz.tbd in Frameworks */,
				FFE85FDE1C30290C00888F24 /* SystemConfiguration.framework in Frameworks */,
				FFE85FDC1C30290800888F24 /* StoreKit.framework in Frameworks */,
				FFE85FDA1C30290400888F24 /* Security.framework in Frameworks */,
				FFE85FD81C30290000888F24 /* QuartzCore.framework in Frameworks */,
				FFE85FD61C3028FC00888F24 /* CoreLocation.framework in Frameworks */,
				FFE85FD41C3028F700888F24 /* CoreGraphics.framework in Frameworks */,
				FFE85FD21C3028F300888F24 /* CFNetwork.framework in Frameworks */,
				FFE85FD01C3028EE00888F24 /* AudioToolbox.framework in Frameworks */,
				FFE85FCE1C3028A000888F24 /* ParseUI.framework in Frameworks */,
				FFE85FCA1C3028A000888F24 /* Parse.framework in Frameworks */,
				FFE85FC91C3028A000888F24 /* Bolts.framework in Frameworks */,
				FFE85FCC1C3028A000888F24 /* ParseFacebookUtilsV4.framework in Frameworks */,
				FFE85FCB1C3028A000888F24 /* ParseFacebookUtils.framework in Frameworks */,
				FFE85FCD1C3028A000888F24 /* ParseTwitterUtils.framework in Frameworks */,
			);
			runOnlyForDeploymentPostprocessing = 0;
		};
		FF045AC41C2EC9D60026C333 /* Frameworks */ = {
			isa = PBXFrameworksBuildPhase;
			buildActionMask = 2147483647;
			files = (
			);
			runOnlyForDeploymentPostprocessing = 0;
		};
		FF045ACF1C2EC9D60026C333 /* Frameworks */ = {
			isa = PBXFrameworksBuildPhase;
			buildActionMask = 2147483647;
			files = (
			);
			runOnlyForDeploymentPostprocessing = 0;
		};
/* End PBXFrameworksBuildPhase section */

/* Begin PBXGroup section */
		FF045AA21C2EC9D60026C333 = {
			isa = PBXGroup;
			children = (
				FF045AAD1C2EC9D60026C333 /* moim */,
				FF045ACA1C2EC9D60026C333 /* moimTests */,
				FF045AD51C2EC9D60026C333 /* moimUITests */,
				FF045AAC1C2EC9D60026C333 /* Products */,
			);
			sourceTree = "<group>";
		};
		FF045AAC1C2EC9D60026C333 /* Products */ = {
			isa = PBXGroup;
			children = (
				FF045AAB1C2EC9D60026C333 /* moim.app */,
				FF045AC71C2EC9D60026C333 /* moimTests.xctest */,
				FF045AD21C2EC9D60026C333 /* moimUITests.xctest */,
			);
			name = Products;
			sourceTree = "<group>";
		};
		FF045AAD1C2EC9D60026C333 /* moim */ = {
			isa = PBXGroup;
			children = (
				FF3E355C1C31944700D39A88 /* MakeTeam */,
				FF7376DF1C319378008A5F28 /* DetailTask */,
				FFE85FE71C303A4A00888F24 /* TaskList */,
				FFE85FE61C3035FB00888F24 /* Singleton */,
				FF045AF21C3022CD0026C333 /* Join */,
				FF045AEC1C2EDC4F0026C333 /* Login */,
				FF045AB11C2EC9D60026C333 /* AppDelegate.h */,
				FF045AB21C2EC9D60026C333 /* AppDelegate.m */,
				FF045AE71C2ECA260026C333 /* MainViewController.h */,
				FF045AE81C2ECA260026C333 /* MainViewController.m */,
				FF045AE91C2ECA260026C333 /* MainViewController.xib */,
				FF045ABD1C2EC9D60026C333 /* Assets.xcassets */,
				FF045AC21C2EC9D60026C333 /* Info.plist */,
				FF045ABA1C2EC9D60026C333 /* moim.xcdatamodeld */,
				FF045AAE1C2EC9D60026C333 /* Supporting Files */,
			);
			path = moim;
			sourceTree = "<group>";
		};
		FF045AAE1C2EC9D60026C333 /* Supporting Files */ = {
			isa = PBXGroup;
			children = (
				FFE85FE11C30291900888F24 /* libsqlite3.tbd */,
				FFE85FDF1C30291100888F24 /* libz.tbd */,
				FFE85FDD1C30290C00888F24 /* SystemConfiguration.framework */,
				FFE85FDB1C30290800888F24 /* StoreKit.framework */,
				FFE85FD91C30290400888F24 /* Security.framework */,
				FFE85FD71C30290000888F24 /* QuartzCore.framework */,
				FFE85FD51C3028FC00888F24 /* CoreLocation.framework */,
				FFE85FD31C3028F700888F24 /* CoreGraphics.framework */,
				FFE85FD11C3028F300888F24 /* CFNetwork.framework */,
				FFE85FCF1C3028EE00888F24 /* AudioToolbox.framework */,
				FFE85FC31C3028A000888F24 /* Bolts.framework */,
				FFE85FC41C3028A000888F24 /* Parse.framework */,
				FFE85FC51C3028A000888F24 /* ParseFacebookUtils.framework */,
				FFE85FC61C3028A000888F24 /* ParseFacebookUtilsV4.framework */,
				FFE85FC71C3028A000888F24 /* ParseTwitterUtils.framework */,
				FFE85FC81C3028A000888F24 /* ParseUI.framework */,
				FF045AAF1C2EC9D60026C333 /* main.m */,
			);
			name = "Supporting Files";
			sourceTree = "<group>";
		};
		FF045ACA1C2EC9D60026C333 /* moimTests */ = {
			isa = PBXGroup;
			children = (
				FF045ACB1C2EC9D60026C333 /* moimTests.m */,
				FF045ACD1C2EC9D60026C333 /* Info.plist */,
			);
			path = moimTests;
			sourceTree = "<group>";
		};
		FF045AD51C2EC9D60026C333 /* moimUITests */ = {
			isa = PBXGroup;
			children = (
				FF045AD61C2EC9D60026C333 /* moimUITests.m */,
				FF045AD81C2EC9D60026C333 /* Info.plist */,
			);
			path = moimUITests;
			sourceTree = "<group>";
		};
		FF045AEC1C2EDC4F0026C333 /* Login */ = {
			isa = PBXGroup;
			children = (
				FF045AED1C2EDC680026C333 /* LoginViewController.h */,
				FF045AEE1C2EDC680026C333 /* LoginViewController.m */,
				FF045AEF1C2EDC680026C333 /* LoginViewController.xib */,
			);
			name = Login;
			sourceTree = "<group>";
		};
		FF045AF21C3022CD0026C333 /* Join */ = {
			isa = PBXGroup;
			children = (
				FF045AF31C3022E10026C333 /* JoinViewController.h */,
				FF045AF41C3022E10026C333 /* JoinViewController.m */,
				FF045AF51C3022E10026C333 /* JoinViewController.xib */,
			);
			name = Join;
			sourceTree = "<group>";
		};
		FF3E355C1C31944700D39A88 /* MakeTeam */ = {
			isa = PBXGroup;
			children = (
				FF3E355D1C31945600D39A88 /* MakeTeamViewController.h */,
				FF3E355E1C31945600D39A88 /* MakeTeamViewController.m */,
				FF3E355F1C31945600D39A88 /* MakeTeamViewController.xib */,
			);
			name = MakeTeam;
			sourceTree = "<group>";
		};
		FF7376DF1C319378008A5F28 /* DetailTask */ = {
			isa = PBXGroup;
			children = (
				FF7376E01C319387008A5F28 /* DetailTaskViewController.h */,
				FF7376E11C319387008A5F28 /* DetailTaskViewController.m */,
				FF7376E21C319387008A5F28 /* DetailTaskViewController.xib */,
			);
			name = DetailTask;
			sourceTree = "<group>";
		};
		FFE85FE61C3035FB00888F24 /* Singleton */ = {
			isa = PBXGroup;
			children = (
				FFE85FE31C3035EA00888F24 /* singleton.h */,
				FFE85FE41C3035EA00888F24 /* singleton.m */,
			);
			name = Singleton;
			sourceTree = "<group>";
		};
		FFE85FE71C303A4A00888F24 /* TaskList */ = {
			isa = PBXGroup;
			children = (
				FF06BE241C31713A00781FC7 /* AllTaskListTableViewCell.h */,
				FF06BE251C31713A00781FC7 /* AllTaskListTableViewCell.m */,
				FF06BE261C31713A00781FC7 /* AllTaskListTableViewCell.xib */,
				FF06BE291C3177BD00781FC7 /* TaskListViewController.h */,
				FF06BE2A1C3177BD00781FC7 /* TaskListViewController.m */,
				FF06BE2B1C3177BD00781FC7 /* TaskListViewController.xib */,
			);
			name = TaskList;
			sourceTree = "<group>";
		};
/* End PBXGroup section */

/* Begin PBXNativeTarget section */
		FF045AAA1C2EC9D60026C333 /* moim */ = {
			isa = PBXNativeTarget;
			buildConfigurationList = FF045ADB1C2EC9D60026C333 /* Build configuration list for PBXNativeTarget "moim" */;
			buildPhases = (
				FF045AA71C2EC9D60026C333 /* Sources */,
				FF045AA81C2EC9D60026C333 /* Frameworks */,
				FF045AA91C2EC9D60026C333 /* Resources */,
			);
			buildRules = (
			);
			dependencies = (
			);
			name = moim;
			productName = moim;
			productReference = FF045AAB1C2EC9D60026C333 /* moim.app */;
			productType = "com.apple.product-type.application";
		};
		FF045AC61C2EC9D60026C333 /* moimTests */ = {
			isa = PBXNativeTarget;
			buildConfigurationList = FF045ADE1C2EC9D60026C333 /* Build configuration list for PBXNativeTarget "moimTests" */;
			buildPhases = (
				FF045AC31C2EC9D60026C333 /* Sources */,
				FF045AC41C2EC9D60026C333 /* Frameworks */,
				FF045AC51C2EC9D60026C333 /* Resources */,
			);
			buildRules = (
			);
			dependencies = (
				FF045AC91C2EC9D60026C333 /* PBXTargetDependency */,
			);
			name = moimTests;
			productName = moimTests;
			productReference = FF045AC71C2EC9D60026C333 /* moimTests.xctest */;
			productType = "com.apple.product-type.bundle.unit-test";
		};
		FF045AD11C2EC9D60026C333 /* moimUITests */ = {
			isa = PBXNativeTarget;
			buildConfigurationList = FF045AE11C2EC9D60026C333 /* Build configuration list for PBXNativeTarget "moimUITests" */;
			buildPhases = (
				FF045ACE1C2EC9D60026C333 /* Sources */,
				FF045ACF1C2EC9D60026C333 /* Frameworks */,
				FF045AD01C2EC9D60026C333 /* Resources */,
			);
			buildRules = (
			);
			dependencies = (
				FF045AD41C2EC9D60026C333 /* PBXTargetDependency */,
			);
			name = moimUITests;
			productName = moimUITests;
			productReference = FF045AD21C2EC9D60026C333 /* moimUITests.xctest */;
			productType = "com.apple.product-type.bundle.ui-testing";
		};
/* End PBXNativeTarget section */

/* Begin PBXProject section */
		FF045AA31C2EC9D60026C333 /* Project object */ = {
			isa = PBXProject;
			attributes = {
				LastUpgradeCheck = 0720;
				ORGANIZATIONNAME = "이선민";
				TargetAttributes = {
					FF045AAA1C2EC9D60026C333 = {
						CreatedOnToolsVersion = 7.2;
					};
					FF045AC61C2EC9D60026C333 = {
						CreatedOnToolsVersion = 7.2;
						TestTargetID = FF045AAA1C2EC9D60026C333;
					};
					FF045AD11C2EC9D60026C333 = {
						CreatedOnToolsVersion = 7.2;
						TestTargetID = FF045AAA1C2EC9D60026C333;
					};
				};
			};
			buildConfigurationList = FF045AA61C2EC9D60026C333 /* Build configuration list for PBXProject "moim" */;
			compatibilityVersion = "Xcode 3.2";
			developmentRegion = English;
			hasScannedForEncodings = 0;
			knownRegions = (
				en,
				Base,
			);
			mainGroup = FF045AA21C2EC9D60026C333;
			productRefGroup = FF045AAC1C2EC9D60026C333 /* Products */;
			projectDirPath = "";
			projectRoot = "";
			targets = (
				FF045AAA1C2EC9D60026C333 /* moim */,
				FF045AC61C2EC9D60026C333 /* moimTests */,
				FF045AD11C2EC9D60026C333 /* moimUITests */,
			);
		};
/* End PBXProject section */

/* Begin PBXResourcesBuildPhase section */
		FF045AA91C2EC9D60026C333 /* Resources */ = {
			isa = PBXResourcesBuildPhase;
			buildActionMask = 2147483647;
			files = (
				FF06BE281C31713A00781FC7 /* AllTaskListTableViewCell.xib in Resources */,
				FF06BE2D1C3177BD00781FC7 /* TaskListViewController.xib in Resources */,
				FF045AEB1C2ECA260026C333 /* MainViewController.xib in Resources */,
				FF7376E41C319387008A5F28 /* DetailTaskViewController.xib in Resources */,
				FF045ABE1C2EC9D60026C333 /* Assets.xcassets in Resources */,
				FF045AF71C3022E10026C333 /* JoinViewController.xib in Resources */,
				FF045AF11C2EDC680026C333 /* LoginViewController.xib in Resources */,
				FF3E35611C31945600D39A88 /* MakeTeamViewController.xib in Resources */,
			);
			runOnlyForDeploymentPostprocessing = 0;
		};
		FF045AC51C2EC9D60026C333 /* Resources */ = {
			isa = PBXResourcesBuildPhase;
			buildActionMask = 2147483647;
			files = (
			);
			runOnlyForDeploymentPostprocessing = 0;
		};
		FF045AD01C2EC9D60026C333 /* Resources */ = {
			isa = PBXResourcesBuildPhase;
			buildActionMask = 2147483647;
			files = (
			);
			runOnlyForDeploymentPostprocessing = 0;
		};
/* End PBXResourcesBuildPhase section */

/* Begin PBXSourcesBuildPhase section */
		FF045AA71C2EC9D60026C333 /* Sources */ = {
			isa = PBXSourcesBuildPhase;
			buildActionMask = 2147483647;
			files = (
				FF06BE271C31713A00781FC7 /* AllTaskListTableViewCell.m in Sources */,
				FFE85FE51C3035EA00888F24 /* singleton.m in Sources */,
				FF045AB31C2EC9D60026C333 /* AppDelegate.m in Sources */,
				FF045AB01C2EC9D60026C333 /* main.m in Sources */,
				FF7376E31C319387008A5F28 /* DetailTaskViewController.m in Sources */,
				FF045ABC1C2EC9D60026C333 /* moim.xcdatamodeld in Sources */,
				FF045AEA1C2ECA260026C333 /* MainViewController.m in Sources */,
				FF045AF61C3022E10026C333 /* JoinViewController.m in Sources */,
				FF06BE2C1C3177BD00781FC7 /* TaskListViewController.m in Sources */,
				FF3E35601C31945600D39A88 /* MakeTeamViewController.m in Sources */,
				FF045AF01C2EDC680026C333 /* LoginViewController.m in Sources */,
			);
			runOnlyForDeploymentPostprocessing = 0;
		};
		FF045AC31C2EC9D60026C333 /* Sources */ = {
			isa = PBXSourcesBuildPhase;
			buildActionMask = 2147483647;
			files = (
				FF045ACC1C2EC9D60026C333 /* moimTests.m in Sources */,
			);
			runOnlyForDeploymentPostprocessing = 0;
		};
		FF045ACE1C2EC9D60026C333 /* Sources */ = {
			isa = PBXSourcesBuildPhase;
			buildActionMask = 2147483647;
			files = (
				FF045AD71C2EC9D60026C333 /* moimUITests.m in Sources */,
			);
			runOnlyForDeploymentPostprocessing = 0;
		};
/* End PBXSourcesBuildPhase section */

/* Begin PBXTargetDependency section */
		FF045AC91C2EC9D60026C333 /* PBXTargetDependency */ = {
			isa = PBXTargetDependency;
			target = FF045AAA1C2EC9D60026C333 /* moim */;
			targetProxy = FF045AC81C2EC9D60026C333 /* PBXContainerItemProxy */;
		};
		FF045AD41C2EC9D60026C333 /* PBXTargetDependency */ = {
			isa = PBXTargetDependency;
			target = FF045AAA1C2EC9D60026C333 /* moim */;
			targetProxy = FF045AD31C2EC9D60026C333 /* PBXContainerItemProxy */;
		};
/* End PBXTargetDependency section */

/* Begin XCBuildConfiguration section */
		FF045AD91C2EC9D60026C333 /* Debug */ = {
			isa = XCBuildConfiguration;
			buildSettings = {
				ALWAYS_SEARCH_USER_PATHS = NO;
				CLANG_CXX_LANGUAGE_STANDARD = "gnu++0x";
				CLANG_CXX_LIBRARY = "libc++";
				CLANG_ENABLE_MODULES = YES;
				CLANG_ENABLE_OBJC_ARC = YES;
				CLANG_WARN_BOOL_CONVERSION = YES;
				CLANG_WARN_CONSTANT_CONVERSION = YES;
				CLANG_WARN_DIRECT_OBJC_ISA_USAGE = YES_ERROR;
				CLANG_WARN_EMPTY_BODY = YES;
				CLANG_WARN_ENUM_CONVERSION = YES;
				CLANG_WARN_INT_CONVERSION = YES;
				CLANG_WARN_OBJC_ROOT_CLASS = YES_ERROR;
				CLANG_WARN_UNREACHABLE_CODE = YES;
				CLANG_WARN__DUPLICATE_METHOD_MATCH = YES;
				"CODE_SIGN_IDENTITY[sdk=iphoneos*]" = "iPhone Developer";
				COPY_PHASE_STRIP = NO;
				DEBUG_INFORMATION_FORMAT = dwarf;
				ENABLE_STRICT_OBJC_MSGSEND = YES;
				ENABLE_TESTABILITY = YES;
				GCC_C_LANGUAGE_STANDARD = gnu99;
				GCC_DYNAMIC_NO_PIC = NO;
				GCC_NO_COMMON_BLOCKS = YES;
				GCC_OPTIMIZATION_LEVEL = 0;
				GCC_PREPROCESSOR_DEFINITIONS = (
					"DEBUG=1",
					"$(inherited)",
				);
				GCC_WARN_64_TO_32_BIT_CONVERSION = YES;
				GCC_WARN_ABOUT_RETURN_TYPE = YES_ERROR;
				GCC_WARN_UNDECLARED_SELECTOR = YES;
				GCC_WARN_UNINITIALIZED_AUTOS = YES_AGGRESSIVE;
				GCC_WARN_UNUSED_FUNCTION = YES;
				GCC_WARN_UNUSED_VARIABLE = YES;
				IPHONEOS_DEPLOYMENT_TARGET = 9.2;
				MTL_ENABLE_DEBUG_INFO = YES;
				ONLY_ACTIVE_ARCH = YES;
				SDKROOT = iphoneos;
				TARGETED_DEVICE_FAMILY = "1,2";
			};
			name = Debug;
		};
		FF045ADA1C2EC9D60026C333 /* Release */ = {
			isa = XCBuildConfiguration;
			buildSettings = {
				ALWAYS_SEARCH_USER_PATHS = NO;
				CLANG_CXX_LANGUAGE_STANDARD = "gnu++0x";
				CLANG_CXX_LIBRARY = "libc++";
				CLANG_ENABLE_MODULES = YES;
				CLANG_ENABLE_OBJC_ARC = YES;
				CLANG_WARN_BOOL_CONVERSION = YES;
				CLANG_WARN_CONSTANT_CONVERSION = YES;
				CLANG_WARN_DIRECT_OBJC_ISA_USAGE = YES_ERROR;
				CLANG_WARN_EMPTY_BODY = YES;
				CLANG_WARN_ENUM_CONVERSION = YES;
				CLANG_WARN_INT_CONVERSION = YES;
				CLANG_WARN_OBJC_ROOT_CLASS = YES_ERROR;
				CLANG_WARN_UNREACHABLE_CODE = YES;
				CLANG_WARN__DUPLICATE_METHOD_MATCH = YES;
				"CODE_SIGN_IDENTITY[sdk=iphoneos*]" = "iPhone Developer";
				COPY_PHASE_STRIP = NO;
				DEBUG_INFORMATION_FORMAT = "dwarf-with-dsym";
				ENABLE_NS_ASSERTIONS = NO;
				ENABLE_STRICT_OBJC_MSGSEND = YES;
				GCC_C_LANGUAGE_STANDARD = gnu99;
				GCC_NO_COMMON_BLOCKS = YES;
				GCC_WARN_64_TO_32_BIT_CONVERSION = YES;
				GCC_WARN_ABOUT_RETURN_TYPE = YES_ERROR;
				GCC_WARN_UNDECLARED_SELECTOR = YES;
				GCC_WARN_UNINITIALIZED_AUTOS = YES_AGGRESSIVE;
				GCC_WARN_UNUSED_FUNCTION = YES;
				GCC_WARN_UNUSED_VARIABLE = YES;
				IPHONEOS_DEPLOYMENT_TARGET = 9.2;
				MTL_ENABLE_DEBUG_INFO = NO;
				SDKROOT = iphoneos;
				TARGETED_DEVICE_FAMILY = "1,2";
				VALIDATE_PRODUCT = YES;
			};
			name = Release;
		};
		FF045ADC1C2EC9D60026C333 /* Debug */ = {
			isa = XCBuildConfiguration;
			buildSettings = {
				ASSETCATALOG_COMPILER_APPICON_NAME = AppIcon;
				FRAMEWORK_SEARCH_PATHS = (
					"$(inherited)",
					"$(PROJECT_DIR)/moim",
				);
				INFOPLIST_FILE = moim/Info.plist;
				LD_RUNPATH_SEARCH_PATHS = "$(inherited) @executable_path/Frameworks";
				PRODUCT_BUNDLE_IDENTIFIER = LeeSunMin.moim;
				PRODUCT_NAME = "$(TARGET_NAME)";
			};
			name = Debug;
		};
		FF045ADD1C2EC9D60026C333 /* Release */ = {
			isa = XCBuildConfiguration;
			buildSettings = {
				ASSETCATALOG_COMPILER_APPICON_NAME = AppIcon;
				FRAMEWORK_SEARCH_PATHS = (
					"$(inherited)",
					"$(PROJECT_DIR)/moim",
				);
				INFOPLIST_FILE = moim/Info.plist;
				LD_RUNPATH_SEARCH_PATHS = "$(inherited) @executable_path/Frameworks";
				PRODUCT_BUNDLE_IDENTIFIER = LeeSunMin.moim;
				PRODUCT_NAME = "$(TARGET_NAME)";
			};
			name = Release;
		};
		FF045ADF1C2EC9D60026C333 /* Debug */ = {
			isa = XCBuildConfiguration;
			buildSettings = {
				BUNDLE_LOADER = "$(TEST_HOST)";
				INFOPLIST_FILE = moimTests/Info.plist;
				LD_RUNPATH_SEARCH_PATHS = "$(inherited) @executable_path/Frameworks @loader_path/Frameworks";
				PRODUCT_BUNDLE_IDENTIFIER = LeeSunMin.moimTests;
				PRODUCT_NAME = "$(TARGET_NAME)";
				TEST_HOST = "$(BUILT_PRODUCTS_DIR)/moim.app/moim";
			};
			name = Debug;
		};
		FF045AE01C2EC9D60026C333 /* Release */ = {
			isa = XCBuildConfiguration;
			buildSettings = {
				BUNDLE_LOADER = "$(TEST_HOST)";
				INFOPLIST_FILE = moimTests/Info.plist;
				LD_RUNPATH_SEARCH_PATHS = "$(inherited) @executable_path/Frameworks @loader_path/Frameworks";
				PRODUCT_BUNDLE_IDENTIFIER = LeeSunMin.moimTests;
				PRODUCT_NAME = "$(TARGET_NAME)";
				TEST_HOST = "$(BUILT_PRODUCTS_DIR)/moim.app/moim";
			};
			name = Release;
		};
		FF045AE21C2EC9D60026C333 /* Debug */ = {
			isa = XCBuildConfiguration;
			buildSettings = {
				INFOPLIST_FILE = moimUITests/Info.plist;
				LD_RUNPATH_SEARCH_PATHS = "$(inherited) @executable_path/Frameworks @loader_path/Frameworks";
				PRODUCT_BUNDLE_IDENTIFIER = LeeSunMin.moimUITests;
				PRODUCT_NAME = "$(TARGET_NAME)";
				TEST_TARGET_NAME = moim;
				USES_XCTRUNNER = YES;
			};
			name = Debug;
		};
		FF045AE31C2EC9D60026C333 /* Release */ = {
			isa = XCBuildConfiguration;
			buildSettings = {
				INFOPLIST_FILE = moimUITests/Info.plist;
				LD_RUNPATH_SEARCH_PATHS = "$(inherited) @executable_path/Frameworks @loader_path/Frameworks";
				PRODUCT_BUNDLE_IDENTIFIER = LeeSunMin.moimUITests;
				PRODUCT_NAME = "$(TARGET_NAME)";
				TEST_TARGET_NAME = moim;
				USES_XCTRUNNER = YES;
			};
			name = Release;
		};
/* End XCBuildConfiguration section */

/* Begin XCConfigurationList section */
		FF045AA61C2EC9D60026C333 /* Build configuration list for PBXProject "moim" */ = {
			isa = XCConfigurationList;
			buildConfigurations = (
				FF045AD91C2EC9D60026C333 /* Debug */,
				FF045ADA1C2EC9D60026C333 /* Release */,
			);
			defaultConfigurationIsVisible = 0;
			defaultConfigurationName = Release;
		};
		FF045ADB1C2EC9D60026C333 /* Build configuration list for PBXNativeTarget "moim" */ = {
			isa = XCConfigurationList;
			buildConfigurations = (
				FF045ADC1C2EC9D60026C333 /* Debug */,
				FF045ADD1C2EC9D60026C333 /* Release */,
			);
			defaultConfigurationIsVisible = 0;
			defaultConfigurationName = Release;
		};
		FF045ADE1C2EC9D60026C333 /* Build configuration list for PBXNativeTarget "moimTests" */ = {
			isa = XCConfigurationList;
			buildConfigurations = (
				FF045ADF1C2EC9D60026C333 /* Debug */,
				FF045AE01C2EC9D60026C333 /* Release */,
			);
			defaultConfigurationIsVisible = 0;
			defaultConfigurationName = Release;
		};
		FF045AE11C2EC9D60026C333 /* Build configuration list for PBXNativeTarget "moimUITests" */ = {
			isa = XCConfigurationList;
			buildConfigurations = (
				FF045AE21C2EC9D60026C333 /* Debug */,
				FF045AE31C2EC9D60026C333 /* Release */,
			);
			defaultConfigurationIsVisible = 0;
			defaultConfigurationName = Release;
		};
/* End XCConfigurationList section */

/* Begin XCVersionGroup section */
		FF045ABA1C2EC9D60026C333 /* moim.xcdatamodeld */ = {
			isa = XCVersionGroup;
			children = (
				FF045ABB1C2EC9D60026C333 /* moim.xcdatamodel */,
			);
			currentVersion = FF045ABB1C2EC9D60026C333 /* moim.xcdatamodel */;
			path = moim.xcdatamodeld;
			sourceTree = "<group>";
			versionGroupType = wrapper.xcdatamodel;
		};
/* End XCVersionGroup section */
	};
	rootObject = FF045AA31C2EC9D60026C333 /* Project object */;
}
